// !$*UTF8*$!
{
	archiveVersion = 1;
	classes = {
	};
	objectVersion = 48;
	objects = {

/* Begin PBXBuildFile section */
		85C75AA6208720DF002B5A3D /* AppDelegate.swift in Sources */ = {isa = PBXBuildFile; fileRef = 85C75AA5208720DF002B5A3D /* AppDelegate.swift */; };
		85C75AA8208720DF002B5A3D /* ViewController.swift in Sources */ = {isa = PBXBuildFile; fileRef = 85C75AA7208720DF002B5A3D /* ViewController.swift */; };
		85C75AAB208720DF002B5A3D /* Main.storyboard in Resources */ = {isa = PBXBuildFile; fileRef = 85C75AA9208720DF002B5A3D /* Main.storyboard */; };
		85C75AAD208720DF002B5A3D /* Assets.xcassets in Resources */ = {isa = PBXBuildFile; fileRef = 85C75AAC208720DF002B5A3D /* Assets.xcassets */; };
		85C75AB0208720DF002B5A3D /* LaunchScreen.storyboard in Resources */ = {isa = PBXBuildFile; fileRef = 85C75AAE208720DF002B5A3D /* LaunchScreen.storyboard */; };
		85C75ABB208720DF002B5A3D /* StoryBoardDemoTests.swift in Sources */ = {isa = PBXBuildFile; fileRef = 85C75ABA208720DF002B5A3D /* StoryBoardDemoTests.swift */; };
		85C75AC6208720DF002B5A3D /* StoryBoardDemoUITests.swift in Sources */ = {isa = PBXBuildFile; fileRef = 85C75AC5208720DF002B5A3D /* StoryBoardDemoUITests.swift */; };
		85C75AD420872211002B5A3D /* HomeViewController.swift in Sources */ = {isa = PBXBuildFile; fileRef = 85C75AD320872211002B5A3D /* HomeViewController.swift */; };
		85C75AD72087233E002B5A3D /* DetailViewController.swift in Sources */ = {isa = PBXBuildFile; fileRef = 85C75AD62087233E002B5A3D /* DetailViewController.swift */; };
/* End PBXBuildFile section */

/* Begin PBXContainerItemProxy section */
		85C75AB7208720DF002B5A3D /* PBXContainerItemProxy */ = {
			isa = PBXContainerItemProxy;
			containerPortal = 85C75A9A208720DF002B5A3D /* Project object */;
			proxyType = 1;
			remoteGlobalIDString = 85C75AA1208720DF002B5A3D;
			remoteInfo = StoryBoardDemo;
		};
		85C75AC2208720DF002B5A3D /* PBXContainerItemProxy */ = {
			isa = PBXContainerItemProxy;
			containerPortal = 85C75A9A208720DF002B5A3D /* Project object */;
			proxyType = 1;
			remoteGlobalIDString = 85C75AA1208720DF002B5A3D;
			remoteInfo = StoryBoardDemo;
		};
/* End PBXContainerItemProxy section */

/* Begin PBXFileReference section */
		85C75AA2208720DF002B5A3D /* StoryBoardDemo.app */ = {isa = PBXFileReference; explicitFileType = wrapper.application; includeInIndex = 0; path = StoryBoardDemo.app; sourceTree = BUILT_PRODUCTS_DIR; };
		85C75AA5208720DF002B5A3D /* AppDelegate.swift */ = {isa = PBXFileReference; lastKnownFileType = sourcecode.swift; path = AppDelegate.swift; sourceTree = "<group>"; };
		85C75AA7208720DF002B5A3D /* ViewController.swift */ = {isa = PBXFileReference; lastKnownFileType = sourcecode.swift; path = ViewController.swift; sourceTree = "<group>"; };
		85C75AAA208720DF002B5A3D /* Base */ = {isa = PBXFileReference; lastKnownFileType = file.storyboard; name = Base; path = Base.lproj/Main.storyboard; sourceTree = "<group>"; };
		85C75AAC208720DF002B5A3D /* Assets.xcassets */ = {isa = PBXFileReference; lastKnownFileType = folder.assetcatalog; path = Assets.xcassets; sourceTree = "<group>"; };
		85C75AAF208720DF002B5A3D /* Base */ = {isa = PBXFileReference; lastKnownFileType = file.storyboard; name = Base; path = Base.lproj/LaunchScreen.storyboard; sourceTree = "<group>"; };
		85C75AB1208720DF002B5A3D /* Info.plist */ = {isa = PBXFileReference; lastKnownFileType = text.plist.xml; path = Info.plist; sourceTree = "<group>"; };
		85C75AB6208720DF002B5A3D /* StoryBoardDemoTests.xctest */ = {isa = PBXFileReference; explicitFileType = wrapper.cfbundle; includeInIndex = 0; path = StoryBoardDemoTests.xctest; sourceTree = BUILT_PRODUCTS_DIR; };
		85C75ABA208720DF002B5A3D /* StoryBoardDemoTests.swift */ = {isa = PBXFileReference; lastKnownFileType = sourcecode.swift; path = StoryBoardDemoTests.swift; sourceTree = "<group>"; };
		85C75ABC208720DF002B5A3D /* Info.plist */ = {isa = PBXFileReference; lastKnownFileType = text.plist.xml; path = Info.plist; sourceTree = "<group>"; };
		85C75AC1208720DF002B5A3D /* StoryBoardDemoUITests.xctest */ = {isa = PBXFileReference; explicitFileType = wrapper.cfbundle; includeInIndex = 0; path = StoryBoardDemoUITests.xctest; sourceTree = BUILT_PRODUCTS_DIR; };
		85C75AC5208720DF002B5A3D /* StoryBoardDemoUITests.swift */ = {isa = PBXFileReference; lastKnownFileType = sourcecode.swift; path = StoryBoardDemoUITests.swift; sourceTree = "<group>"; };
		85C75AC7208720DF002B5A3D /* Info.plist */ = {isa = PBXFileReference; lastKnownFileType = text.plist.xml; path = Info.plist; sourceTree = "<group>"; };
		85C75AD320872211002B5A3D /* HomeViewController.swift */ = {isa = PBXFileReference; lastKnownFileType = sourcecode.swift; path = HomeViewController.swift; sourceTree = "<group>"; };
		85C75AD62087233E002B5A3D /* DetailViewController.swift */ = {isa = PBXFileReference; lastKnownFileType = sourcecode.swift; path = DetailViewController.swift; sourceTree = "<group>"; };
/* End PBXFileReference section */

/* Begin PBXFrameworksBuildPhase section */
		85C75A9F208720DF002B5A3D /* Frameworks */ = {
			isa = PBXFrameworksBuildPhase;
			buildActionMask = 2147483647;
			files = (
			);
			runOnlyForDeploymentPostprocessing = 0;
		};
		85C75AB3208720DF002B5A3D /* Frameworks */ = {
			isa = PBXFrameworksBuildPhase;
			buildActionMask = 2147483647;
			files = (
			);
			runOnlyForDeploymentPostprocessing = 0;
		};
		85C75ABE208720DF002B5A3D /* Frameworks */ = {
			isa = PBXFrameworksBuildPhase;
			buildActionMask = 2147483647;
			files = (
			);
			runOnlyForDeploymentPostprocessing = 0;
		};
/* End PBXFrameworksBuildPhase section */

/* Begin PBXGroup section */
		85C75A99208720DF002B5A3D = {
			isa = PBXGroup;
			children = (
				85C75AA4208720DF002B5A3D /* StoryBoardDemo */,
				85C75AB9208720DF002B5A3D /* StoryBoardDemoTests */,
				85C75AC4208720DF002B5A3D /* StoryBoardDemoUITests */,
				85C75AA3208720DF002B5A3D /* Products */,
			);
			sourceTree = "<group>";
		};
		85C75AA3208720DF002B5A3D /* Products */ = {
			isa = PBXGroup;
			children = (
				85C75AA2208720DF002B5A3D /* StoryBoardDemo.app */,
				85C75AB6208720DF002B5A3D /* StoryBoardDemoTests.xctest */,
				85C75AC1208720DF002B5A3D /* StoryBoardDemoUITests.xctest */,
			);
			name = Products;
			sourceTree = "<group>";
		};
		85C75AA4208720DF002B5A3D /* StoryBoardDemo */ = {
			isa = PBXGroup;
			children = (
				85C75AD520872218002B5A3D /* Class */,
				85C75AA5208720DF002B5A3D /* AppDelegate.swift */,
				85C75AA7208720DF002B5A3D /* ViewController.swift */,
				85C75AA9208720DF002B5A3D /* Main.storyboard */,
				85C75AAC208720DF002B5A3D /* Assets.xcassets */,
				85C75AAE208720DF002B5A3D /* LaunchScreen.storyboard */,
				85C75AB1208720DF002B5A3D /* Info.plist */,
			);
			path = StoryBoardDemo;
			sourceTree = "<group>";
		};
		85C75AB9208720DF002B5A3D /* StoryBoardDemoTests */ = {
			isa = PBXGroup;
			children = (
				85C75ABA208720DF002B5A3D /* StoryBoardDemoTests.swift */,
				85C75ABC208720DF002B5A3D /* Info.plist */,
			);
			path = StoryBoardDemoTests;
			sourceTree = "<group>";
		};
		85C75AC4208720DF002B5A3D /* StoryBoardDemoUITests */ = {
			isa = PBXGroup;
			children = (
				85C75AC5208720DF002B5A3D /* StoryBoardDemoUITests.swift */,
				85C75AC7208720DF002B5A3D /* Info.plist */,
			);
			path = StoryBoardDemoUITests;
			sourceTree = "<group>";
		};
		85C75AD520872218002B5A3D /* Class */ = {
			isa = PBXGroup;
			children = (
				85C75AD320872211002B5A3D /* HomeViewController.swift */,
				85C75AD62087233E002B5A3D /* DetailViewController.swift */,
			);
			path = Class;
			sourceTree = "<group>";
		};
/* End PBXGroup section */

/* Begin PBXNativeTarget section */
		85C75AA1208720DF002B5A3D /* StoryBoardDemo */ = {
			isa = PBXNativeTarget;
			buildConfigurationList = 85C75ACA208720DF002B5A3D /* Build configuration list for PBXNativeTarget "StoryBoardDemo" */;
			buildPhases = (
				85C75A9E208720DF002B5A3D /* Sources */,
				85C75A9F208720DF002B5A3D /* Frameworks */,
				85C75AA0208720DF002B5A3D /* Resources */,
			);
			buildRules = (
			);
			dependencies = (
			);
			name = StoryBoardDemo;
			productName = StoryBoardDemo;
			productReference = 85C75AA2208720DF002B5A3D /* StoryBoardDemo.app */;
			productType = "com.apple.product-type.application";
		};
		85C75AB5208720DF002B5A3D /* StoryBoardDemoTests */ = {
			isa = PBXNativeTarget;
			buildConfigurationList = 85C75ACD208720DF002B5A3D /* Build configuration list for PBXNativeTarget "StoryBoardDemoTests" */;
			buildPhases = (
				85C75AB2208720DF002B5A3D /* Sources */,
				85C75AB3208720DF002B5A3D /* Frameworks */,
				85C75AB4208720DF002B5A3D /* Resources */,
			);
			buildRules = (
			);
			dependencies = (
				85C75AB8208720DF002B5A3D /* PBXTargetDependency */,
			);
			name = StoryBoardDemoTests;
			productName = StoryBoardDemoTests;
			productReference = 85C75AB6208720DF002B5A3D /* StoryBoardDemoTests.xctest */;
			productType = "com.apple.product-type.bundle.unit-test";
		};
		85C75AC0208720DF002B5A3D /* StoryBoardDemoUITests */ = {
			isa = PBXNativeTarget;
			buildConfigurationList = 85C75AD0208720DF002B5A3D /* Build configuration list for PBXNativeTarget "StoryBoardDemoUITests" */;
			buildPhases = (
				85C75ABD208720DF002B5A3D /* Sources */,
				85C75ABE208720DF002B5A3D /* Frameworks */,
				85C75ABF208720DF002B5A3D /* Resources */,
			);
			buildRules = (
			);
			dependencies = (
				85C75AC3208720DF002B5A3D /* PBXTargetDependency */,
			);
			name = StoryBoardDemoUITests;
			productName = StoryBoardDemoUITests;
			productReference = 85C75AC1208720DF002B5A3D /* StoryBoardDemoUITests.xctest */;
			productType = "com.apple.product-type.bundle.ui-testing";
		};
/* End PBXNativeTarget section */

/* Begin PBXProject section */
		85C75A9A208720DF002B5A3D /* Project object */ = {
			isa = PBXProject;
			attributes = {
				LastSwiftUpdateCheck = 0920;
				LastUpgradeCheck = 0920;
				ORGANIZATIONNAME = CityMedia;
				TargetAttributes = {
					85C75AA1208720DF002B5A3D = {
						CreatedOnToolsVersion = 9.2;
						ProvisioningStyle = Automatic;
					};
					85C75AB5208720DF002B5A3D = {
						CreatedOnToolsVersion = 9.2;
						ProvisioningStyle = Automatic;
						TestTargetID = 85C75AA1208720DF002B5A3D;
					};
					85C75AC0208720DF002B5A3D = {
						CreatedOnToolsVersion = 9.2;
						ProvisioningStyle = Automatic;
						TestTargetID = 85C75AA1208720DF002B5A3D;
					};
				};
			};
			buildConfigurationList = 85C75A9D208720DF002B5A3D /* Build configuration list for PBXProject "StoryBoardDemo" */;
			compatibilityVersion = "Xcode 8.0";
			developmentRegion = en;
			hasScannedForEncodings = 0;
			knownRegions = (
				en,
				Base,
			);
			mainGroup = 85C75A99208720DF002B5A3D;
			productRefGroup = 85C75AA3208720DF002B5A3D /* Products */;
			projectDirPath = "";
			projectRoot = "";
			targets = (
				85C75AA1208720DF002B5A3D /* StoryBoardDemo */,
				85C75AB5208720DF002B5A3D /* StoryBoardDemoTests */,
				85C75AC0208720DF002B5A3D /* StoryBoardDemoUITests */,
			);
		};
/* End PBXProject section */

/* Begin PBXResourcesBuildPhase section */
		85C75AA0208720DF002B5A3D /* Resources */ = {
			isa = PBXResourcesBuildPhase;
			buildActionMask = 2147483647;
			files = (
				85C75AB0208720DF002B5A3D /* LaunchScreen.storyboard in Resources */,
				85C75AAD208720DF002B5A3D /* Assets.xcassets in Resources */,
				85C75AAB208720DF002B5A3D /* Main.storyboard in Resources */,
			);
			runOnlyForDeploymentPostprocessing = 0;
		};
		85C75AB4208720DF002B5A3D /* Resources */ = {
			isa = PBXResourcesBuildPhase;
			buildActionMask = 2147483647;
			files = (
			);
			runOnlyForDeploymentPostprocessing = 0;
		};
		85C75ABF208720DF002B5A3D /* Resources */ = {
			isa = PBXResourcesBuildPhase;
			buildActionMask = 2147483647;
			files = (
			);
			runOnlyForDeploymentPostprocessing = 0;
		};
/* End PBXResourcesBuildPhase section */

/* Begin PBXSourcesBuildPhase section */
		85C75A9E208720DF002B5A3D /* Sources */ = {
			isa = PBXSourcesBuildPhase;
			buildActionMask = 2147483647;
			files = (
				85C75AA8208720DF002B5A3D /* ViewController.swift in Sources */,
				85C75AA6208720DF002B5A3D /* AppDelegate.swift in Sources */,
				85C75AD420872211002B5A3D /* HomeViewController.swift in Sources */,
				85C75AD72087233E002B5A3D /* DetailViewController.swift in Sources */,
			);
			runOnlyForDeploymentPostprocessing = 0;
		};
		85C75AB2208720DF002B5A3D /* Sources */ = {
			isa = PBXSourcesBuildPhase;
			buildActionMask = 2147483647;
			files = (
				85C75ABB208720DF002B5A3D /* StoryBoardDemoTests.swift in Sources */,
			);
			runOnlyForDeploymentPostprocessing = 0;
		};
		85C75ABD208720DF002B5A3D /* Sources */ = {
			isa = PBXSourcesBuildPhase;
			buildActionMask = 2147483647;
			files = (
				85C75AC6208720DF002B5A3D /* StoryBoardDemoUITests.swift in Sources */,
			);
			runOnlyForDeploymentPostprocessing = 0;
		};
/* End PBXSourcesBuildPhase section */

/* Begin PBXTargetDependency section */
		85C75AB8208720DF002B5A3D /* PBXTargetDependency */ = {
			isa = PBXTargetDependency;
			target = 85C75AA1208720DF002B5A3D /* StoryBoardDemo */;
			targetProxy = 85C75AB7208720DF002B5A3D /* PBXContainerItemProxy */;
		};
		85C75AC3208720DF002B5A3D /* PBXTargetDependency */ = {
			isa = PBXTargetDependency;
			target = 85C75AA1208720DF002B5A3D /* StoryBoardDemo */;
			targetProxy = 85C75AC2208720DF002B5A3D /* PBXContainerItemProxy */;
		};
/* End PBXTargetDependency section */

/* Begin PBXVariantGroup section */
		85C75AA9208720DF002B5A3D /* Main.storyboard */ = {
			isa = PBXVariantGroup;
			children = (
				85C75AAA208720DF002B5A3D /* Base */,
			);
			name = Main.storyboard;
			sourceTree = "<group>";
		};
		85C75AAE208720DF002B5A3D /* LaunchScreen.storyboard */ = {
			isa = PBXVariantGroup;
			children = (
				85C75AAF208720DF002B5A3D /* Base */,
			);
			name = LaunchScreen.storyboard;
			sourceTree = "<group>";
		};
/* End PBXVariantGroup section */

/* Begin XCBuildConfiguration section */
		85C75AC8208720DF002B5A3D /* Debug */ = {
			isa = XCBuildConfiguration;
			buildSettings = {
				ALWAYS_SEARCH_USER_PATHS = NO;
				CLANG_ANALYZER_NONNULL = YES;
				CLANG_ANALYZER_NUMBER_OBJECT_CONVERSION = YES_AGGRESSIVE;
				CLANG_CXX_LANGUAGE_STANDARD = "gnu++14";
				CLANG_CXX_LIBRARY = "libc++";
				CLANG_ENABLE_MODULES = YES;
				CLANG_ENABLE_OBJC_ARC = YES;
				CLANG_WARN_BLOCK_CAPTURE_AUTORELEASING = YES;
				CLANG_WARN_BOOL_CONVERSION = YES;
				CLANG_WARN_COMMA = YES;
				CLANG_WARN_CONSTANT_CONVERSION = YES;
				CLANG_WARN_DIRECT_OBJC_ISA_USAGE = YES_ERROR;
				CLANG_WARN_DOCUMENTATION_COMMENTS = YES;
				CLANG_WARN_EMPTY_BODY = YES;
				CLANG_WARN_ENUM_CONVERSION = YES;
				CLANG_WARN_INFINITE_RECURSION = YES;
				CLANG_WARN_INT_CONVERSION = YES;
				CLANG_WARN_NON_LITERAL_NULL_CONVERSION = YES;
				CLANG_WARN_OBJC_LITERAL_CONVERSION = YES;
				CLANG_WARN_OBJC_ROOT_CLASS = YES_ERROR;
				CLANG_WARN_RANGE_LOOP_ANALYSIS = YES;
				CLANG_WARN_STRICT_PROTOTYPES = YES;
				CLANG_WARN_SUSPICIOUS_MOVE = YES;
				CLANG_WARN_UNGUARDED_AVAILABILITY = YES_AGGRESSIVE;
				CLANG_WARN_UNREACHABLE_CODE = YES;
				CLANG_WARN__DUPLICATE_METHOD_MATCH = YES;
				CODE_SIGN_IDENTITY = "iPhone Developer";
				COPY_PHASE_STRIP = NO;
				DEBUG_INFORMATION_FORMAT = dwarf;
				ENABLE_STRICT_OBJC_MSGSEND = YES;
				ENABLE_TESTABILITY = YES;
				GCC_C_LANGUAGE_STANDARD = gnu11;
				GCC_DYNAMIC_NO_PIC = NO;
				GCC_NO_COMMON_BLOCKS = YES;
				GCC_OPTIMIZATION_LEVEL = 0;
				GCC_PREPROCESSOR_DEFINITIONS = (
					"DEBUG=1",
					"$(inherited)",
				);
				GCC_WARN_64_TO_32_BIT_CONVERSION = YES;
				GCC_WARN_ABOUT_RETURN_TYPE = YES_ERROR;
				GCC_WARN_UNDECLARED_SELECTOR = YES;
				GCC_WARN_UNINITIALIZED_AUTOS = YES_AGGRESSIVE;
				GCC_WARN_UNUSED_FUNCTION = YES;
				GCC_WARN_UNUSED_VARIABLE = YES;
				IPHONEOS_DEPLOYMENT_TARGET = 11.2;
				MTL_ENABLE_DEBUG_INFO = YES;
				ONLY_ACTIVE_ARCH = YES;
				SDKROOT = iphoneos;
				SWIFT_ACTIVE_COMPILATION_CONDITIONS = DEBUG;
				SWIFT_OPTIMIZATION_LEVEL = "-Onone";
			};
			name = Debug;
		};
		85C75AC9208720DF002B5A3D /* Release */ = {
			isa = XCBuildConfiguration;
			buildSettings = {
				ALWAYS_SEARCH_USER_PATHS = NO;
				CLANG_ANALYZER_NONNULL = YES;
				CLANG_ANALYZER_NUMBER_OBJECT_CONVERSION = YES_AGGRESSIVE;
				CLANG_CXX_LANGUAGE_STANDARD = "gnu++14";
				CLANG_CXX_LIBRARY = "libc++";
				CLANG_ENABLE_MODULES = YES;
				CLANG_ENABLE_OBJC_ARC = YES;
				CLANG_WARN_BLOCK_CAPTURE_AUTORELEASING = YES;
				CLANG_WARN_BOOL_CONVERSION = YES;
				CLANG_WARN_COMMA = YES;
				CLANG_WARN_CONSTANT_CONVERSION = YES;
				CLANG_WARN_DIRECT_OBJC_ISA_USAGE = YES_ERROR;
				CLANG_WARN_DOCUMENTATION_COMMENTS = YES;
				CLANG_WARN_EMPTY_BODY = YES;
				CLANG_WARN_ENUM_CONVERSION = YES;
				CLANG_WARN_INFINITE_RECURSION = YES;
				CLANG_WARN_INT_CONVERSION = YES;
				CLANG_WARN_NON_LITERAL_NULL_CONVERSION = YES;
				CLANG_WARN_OBJC_LITERAL_CONVERSION = YES;
				CLANG_WARN_OBJC_ROOT_CLASS = YES_ERROR;
				CLANG_WARN_RANGE_LOOP_ANALYSIS = YES;
				CLANG_WARN_STRICT_PROTOTYPES = YES;
				CLANG_WARN_SUSPICIOUS_MOVE = YES;
				CLANG_WARN_UNGUARDED_AVAILABILITY = YES_AGGRESSIVE;
				CLANG_WARN_UNREACHABLE_CODE = YES;
				CLANG_WARN__DUPLICATE_METHOD_MATCH = YES;
				CODE_SIGN_IDENTITY = "iPhone Developer";
				COPY_PHASE_STRIP = NO;
				DEBUG_INFORMATION_FORMAT = "dwarf-with-dsym";
				ENABLE_NS_ASSERTIONS = NO;
				ENABLE_STRICT_OBJC_MSGSEND = YES;
				GCC_C_LANGUAGE_STANDARD = gnu11;
				GCC_NO_COMMON_BLOCKS = YES;
				GCC_WARN_64_TO_32_BIT_CONVERSION = YES;
				GCC_WARN_ABOUT_RETURN_TYPE = YES_ERROR;
				GCC_WARN_UNDECLARED_SELECTOR = YES;
				GCC_WARN_UNINITIALIZED_AUTOS = YES_AGGRESSIVE;
				GCC_WARN_UNUSED_FUNCTION = YES;
				GCC_WARN_UNUSED_VARIABLE = YES;
				IPHONEOS_DEPLOYMENT_TARGET = 11.2;
				MTL_ENABLE_DEBUG_INFO = NO;
				SDKROOT = iphoneos;
				SWIFT_OPTIMIZATION_LEVEL = "-Owholemodule";
				VALIDATE_PRODUCT = YES;
			};
			name = Release;
		};
		85C75ACB208720DF002B5A3D /* Debug */ = {
			isa = XCBuildConfiguration;
			buildSettings = {
				ASSETCATALOG_COMPILER_APPICON_NAME = AppIcon;
				CODE_SIGN_STYLE = Automatic;
				DEVELOPMENT_TEAM = D5M86GS334;
				INFOPLIST_FILE = StoryBoardDemo/Info.plist;
				LD_RUNPATH_SEARCH_PATHS = "$(inherited) @executable_path/Frameworks";
				PRODUCT_BUNDLE_IDENTIFIER = dingJia.StoryBoardDemo;
				PRODUCT_NAME = "$(TARGET_NAME)";
				SWIFT_VERSION = 4.0;
				TARGETED_DEVICE_FAMILY = "1,2";
			};
			name = Debug;
		};
		85C75ACC208720DF002B5A3D /* Release */ = {
			isa = XCBuildConfiguration;
			buildSettings = {
				ASSETCATALOG_COMPILER_APPICON_NAME = AppIcon;
				CODE_SIGN_STYLE = Automatic;
				DEVELOPMENT_TEAM = D5M86GS334;
				INFOPLIST_FILE = StoryBoardDemo/Info.plist;
				LD_RUNPATH_SEARCH_PATHS = "$(inherited) @executable_path/Frameworks";
				PRODUCT_BUNDLE_IDENTIFIER = dingJia.StoryBoardDemo;
				PRODUCT_NAME = "$(TARGET_NAME)";
				SWIFT_VERSION = 4.0;
				TARGETED_DEVICE_FAMILY = "1,2";
			};
			name = Release;
		};
		85C75ACE208720DF002B5A3D /* Debug */ = {
			isa = XCBuildConfiguration;
			buildSettings = {
				ALWAYS_EMBED_SWIFT_STANDARD_LIBRARIES = YES;
				BUNDLE_LOADER = "$(TEST_HOST)";
				CODE_SIGN_STYLE = Automatic;
				DEVELOPMENT_TEAM = D5M86GS334;
				INFOPLIST_FILE = StoryBoardDemoTests/Info.plist;
				LD_RUNPATH_SEARCH_PATHS = "$(inherited) @executable_path/Frameworks @loader_path/Frameworks";
				PRODUCT_BUNDLE_IDENTIFIER = dingJia.StoryBoardDemoTests;
				PRODUCT_NAME = "$(TARGET_NAME)";
				SWIFT_VERSION = 4.0;
				TARGETED_DEVICE_FAMILY = "1,2";
				TEST_HOST = "$(BUILT_PRODUCTS_DIR)/StoryBoardDemo.app/StoryBoardDemo";
			};
			name = Debug;
		};
		85C75ACF208720DF002B5A3D /* Release */ = {
			isa = XCBuildConfiguration;
			buildSettings = {
				ALWAYS_EMBED_SWIFT_STANDARD_LIBRARIES = YES;
				BUNDLE_LOADER = "$(TEST_HOST)";
				CODE_SIGN_STYLE = Automatic;
				DEVELOPMENT_TEAM = D5M86GS334;
				INFOPLIST_FILE = StoryBoardDemoTests/Info.plist;
				LD_RUNPATH_SEARCH_PATHS = "$(inherited) @executable_path/Frameworks @loader_path/Frameworks";
				PRODUCT_BUNDLE_IDENTIFIER = dingJia.StoryBoardDemoTests;
				PRODUCT_NAME = "$(TARGET_NAME)";
				SWIFT_VERSION = 4.0;
				TARGETED_DEVICE_FAMILY = "1,2";
				TEST_HOST = "$(BUILT_PRODUCTS_DIR)/StoryBoardDemo.app/StoryBoardDemo";
			};
			name = Release;
		};
		85C75AD1208720DF002B5A3D /* Debug */ = {
			isa = XCBuildConfiguration;
			buildSettings = {
				ALWAYS_EMBED_SWIFT_STANDARD_LIBRARIES = YES;
				CODE_SIGN_STYLE = Automatic;
				DEVELOPMENT_TEAM = D5M86GS334;
				INFOPLIST_FILE = StoryBoardDemoUITests/Info.plist;
				LD_RUNPATH_SEARCH_PATHS = "$(inherited) @executable_path/Frameworks @loader_path/Frameworks";
				PRODUCT_BUNDLE_IDENTIFIER = dingJia.StoryBoardDemoUITests;
				PRODUCT_NAME = "$(TARGET_NAME)";
				SWIFT_VERSION = 4.0;
				TARGETED_DEVICE_FAMILY = "1,2";
				TEST_TARGET_NAME = StoryBoardDemo;
			};
			name = Debug;
		};
		85C75AD2208720DF002B5A3D /* Release */ = {
			isa = XCBuildConfiguration;
			buildSettings = {
				ALWAYS_EMBED_SWIFT_STANDARD_LIBRARIES = YES;
				CODE_SIGN_STYLE = Automatic;
				DEVELOPMENT_TEAM = D5M86GS334;
				INFOPLIST_FILE = StoryBoardDemoUITests/Info.plist;
				LD_RUNPATH_SEARCH_PATHS = "$(inherited) @executable_path/Frameworks @loader_path/Frameworks";
				PRODUCT_BUNDLE_IDENTIFIER = dingJia.StoryBoardDemoUITests;
				PRODUCT_NAME = "$(TARGET_NAME)";
				SWIFT_VERSION = 4.0;
				TARGETED_DEVICE_FAMILY = "1,2";
				TEST_TARGET_NAME = StoryBoardDemo;
			};
			name = Release;
		};
/* End XCBuildConfiguration section */

/* Begin XCConfigurationList section */
		85C75A9D208720DF002B5A3D /* Build configuration list for PBXProject "StoryBoardDemo" */ = {
			isa = XCConfigurationList;
			buildConfigurations = (
				85C75AC8208720DF002B5A3D /* Debug */,
				85C75AC9208720DF002B5A3D /* Release */,
			);
			defaultConfigurationIsVisible = 0;
			defaultConfigurationName = Release;
		};
		85C75ACA208720DF002B5A3D /* Build configuration list for PBXNativeTarget "StoryBoardDemo" */ = {
			isa = XCConfigurationList;
			buildConfigurations = (
				85C75ACB208720DF002B5A3D /* Debug */,
				85C75ACC208720DF002B5A3D /* Release */,
			);
			defaultConfigurationIsVisible = 0;
			defaultConfigurationName = Release;
		};
		85C75ACD208720DF002B5A3D /* Build configuration list for PBXNativeTarget "StoryBoardDemoTests" */ = {
			isa = XCConfigurationList;
			buildConfigurations = (
				85C75ACE208720DF002B5A3D /* Debug */,
				85C75ACF208720DF002B5A3D /* Release */,
			);
			defaultConfigurationIsVisible = 0;
			defaultConfigurationName = Release;
		};
		85C75AD0208720DF002B5A3D /* Build configuration list for PBXNativeTarget "StoryBoardDemoUITests" */ = {
			isa = XCConfigurationList;
			buildConfigurations = (
				85C75AD1208720DF002B5A3D /* Debug */,
				85C75AD2208720DF002B5A3D /* Release */,
			);
			defaultConfigurationIsVisible = 0;
			defaultConfigurationName = Release;
		};
/* End XCConfigurationList section */
	};
	rootObject = 85C75A9A208720DF002B5A3D /* Project object */;
}
