// !$*UTF8*$!
{
	archiveVersion = 1;
	classes = {
	};
	objectVersion = 50;
	objects = {

/* Begin PBXBuildFile section */
		852AD9AE20AAA9D30054E0B2 /* AppDelegate.m in Sources */ = {isa = PBXBuildFile; fileRef = 852AD9AD20AAA9D30054E0B2 /* AppDelegate.m */; };
		852AD9B120AAA9D30054E0B2 /* ViewController.m in Sources */ = {isa = PBXBuildFile; fileRef = 852AD9B020AAA9D30054E0B2 /* ViewController.m */; };
		852AD9B420AAA9D30054E0B2 /* Main.storyboard in Resources */ = {isa = PBXBuildFile; fileRef = 852AD9B220AAA9D30054E0B2 /* Main.storyboard */; };
		852AD9B620AAA9D50054E0B2 /* Assets.xcassets in Resources */ = {isa = PBXBuildFile; fileRef = 852AD9B520AAA9D50054E0B2 /* Assets.xcassets */; };
		852AD9B920AAA9D50054E0B2 /* LaunchScreen.storyboard in Resources */ = {isa = PBXBuildFile; fileRef = 852AD9B720AAA9D50054E0B2 /* LaunchScreen.storyboard */; };
		852AD9BC20AAA9D50054E0B2 /* main.m in Sources */ = {isa = PBXBuildFile; fileRef = 852AD9BB20AAA9D50054E0B2 /* main.m */; };
		852AD9C620AAA9D50054E0B2 /* NavigationTransitionDemoTests.m in Sources */ = {isa = PBXBuildFile; fileRef = 852AD9C520AAA9D50054E0B2 /* NavigationTransitionDemoTests.m */; };
		852AD9D120AAA9D50054E0B2 /* NavigationTransitionDemoUITests.m in Sources */ = {isa = PBXBuildFile; fileRef = 852AD9D020AAA9D50054E0B2 /* NavigationTransitionDemoUITests.m */; };
		852AD9E520AAAA420054E0B2 /* ZNavigationController.m in Sources */ = {isa = PBXBuildFile; fileRef = 852AD9E420AAAA420054E0B2 /* ZNavigationController.m */; };
		852AD9E820AAAAF10054E0B2 /* NavigationDelegate.m in Sources */ = {isa = PBXBuildFile; fileRef = 852AD9E720AAAAF10054E0B2 /* NavigationDelegate.m */; };
		852AD9EC20AAAE020054E0B2 /* OneViewController.m in Sources */ = {isa = PBXBuildFile; fileRef = 852AD9EA20AAAE020054E0B2 /* OneViewController.m */; };
		852AD9ED20AAAE020054E0B2 /* OneViewController.xib in Resources */ = {isa = PBXBuildFile; fileRef = 852AD9EB20AAAE020054E0B2 /* OneViewController.xib */; };
		852AD9F120AAAE0B0054E0B2 /* TwoViewController.m in Sources */ = {isa = PBXBuildFile; fileRef = 852AD9EF20AAAE0B0054E0B2 /* TwoViewController.m */; };
		852AD9F220AAAE0B0054E0B2 /* TwoViewController.xib in Resources */ = {isa = PBXBuildFile; fileRef = 852AD9F020AAAE0B0054E0B2 /* TwoViewController.xib */; };
		852AD9F520AAAEFA0054E0B2 /* AnimatedTransitioningPush.m in Sources */ = {isa = PBXBuildFile; fileRef = 852AD9F420AAAEFA0054E0B2 /* AnimatedTransitioningPush.m */; };
		852AD9F820AAAF010054E0B2 /* AnimatedTransitioningPop.m in Sources */ = {isa = PBXBuildFile; fileRef = 852AD9F720AAAF010054E0B2 /* AnimatedTransitioningPop.m */; };
/* End PBXBuildFile section */

/* Begin PBXContainerItemProxy section */
		852AD9C220AAA9D50054E0B2 /* PBXContainerItemProxy */ = {
			isa = PBXContainerItemProxy;
			containerPortal = 852AD9A120AAA9D30054E0B2 /* Project object */;
			proxyType = 1;
			remoteGlobalIDString = 852AD9A820AAA9D30054E0B2;
			remoteInfo = NavigationTransitionDemo;
		};
		852AD9CD20AAA9D50054E0B2 /* PBXContainerItemProxy */ = {
			isa = PBXContainerItemProxy;
			containerPortal = 852AD9A120AAA9D30054E0B2 /* Project object */;
			proxyType = 1;
			remoteGlobalIDString = 852AD9A820AAA9D30054E0B2;
			remoteInfo = NavigationTransitionDemo;
		};
/* End PBXContainerItemProxy section */

/* Begin PBXFileReference section */
		852AD9A920AAA9D30054E0B2 /* NavigationTransitionDemo.app */ = {isa = PBXFileReference; explicitFileType = wrapper.application; includeInIndex = 0; path = NavigationTransitionDemo.app; sourceTree = BUILT_PRODUCTS_DIR; };
		852AD9AC20AAA9D30054E0B2 /* AppDelegate.h */ = {isa = PBXFileReference; lastKnownFileType = sourcecode.c.h; path = AppDelegate.h; sourceTree = "<group>"; };
		852AD9AD20AAA9D30054E0B2 /* AppDelegate.m */ = {isa = PBXFileReference; lastKnownFileType = sourcecode.c.objc; path = AppDelegate.m; sourceTree = "<group>"; };
		852AD9AF20AAA9D30054E0B2 /* ViewController.h */ = {isa = PBXFileReference; lastKnownFileType = sourcecode.c.h; path = ViewController.h; sourceTree = "<group>"; };
		852AD9B020AAA9D30054E0B2 /* ViewController.m */ = {isa = PBXFileReference; lastKnownFileType = sourcecode.c.objc; path = ViewController.m; sourceTree = "<group>"; };
		852AD9B320AAA9D30054E0B2 /* Base */ = {isa = PBXFileReference; lastKnownFileType = file.storyboard; name = Base; path = Base.lproj/Main.storyboard; sourceTree = "<group>"; };
		852AD9B520AAA9D50054E0B2 /* Assets.xcassets */ = {isa = PBXFileReference; lastKnownFileType = folder.assetcatalog; path = Assets.xcassets; sourceTree = "<group>"; };
		852AD9B820AAA9D50054E0B2 /* Base */ = {isa = PBXFileReference; lastKnownFileType = file.storyboard; name = Base; path = Base.lproj/LaunchScreen.storyboard; sourceTree = "<group>"; };
		852AD9BA20AAA9D50054E0B2 /* Info.plist */ = {isa = PBXFileReference; lastKnownFileType = text.plist.xml; path = Info.plist; sourceTree = "<group>"; };
		852AD9BB20AAA9D50054E0B2 /* main.m */ = {isa = PBXFileReference; lastKnownFileType = sourcecode.c.objc; path = main.m; sourceTree = "<group>"; };
		852AD9C120AAA9D50054E0B2 /* NavigationTransitionDemoTests.xctest */ = {isa = PBXFileReference; explicitFileType = wrapper.cfbundle; includeInIndex = 0; path = NavigationTransitionDemoTests.xctest; sourceTree = BUILT_PRODUCTS_DIR; };
		852AD9C520AAA9D50054E0B2 /* NavigationTransitionDemoTests.m */ = {isa = PBXFileReference; lastKnownFileType = sourcecode.c.objc; path = NavigationTransitionDemoTests.m; sourceTree = "<group>"; };
		852AD9C720AAA9D50054E0B2 /* Info.plist */ = {isa = PBXFileReference; lastKnownFileType = text.plist.xml; path = Info.plist; sourceTree = "<group>"; };
		852AD9CC20AAA9D50054E0B2 /* NavigationTransitionDemoUITests.xctest */ = {isa = PBXFileReference; explicitFileType = wrapper.cfbundle; includeInIndex = 0; path = NavigationTransitionDemoUITests.xctest; sourceTree = BUILT_PRODUCTS_DIR; };
		852AD9D020AAA9D50054E0B2 /* NavigationTransitionDemoUITests.m */ = {isa = PBXFileReference; lastKnownFileType = sourcecode.c.objc; path = NavigationTransitionDemoUITests.m; sourceTree = "<group>"; };
		852AD9D220AAA9D50054E0B2 /* Info.plist */ = {isa = PBXFileReference; lastKnownFileType = text.plist.xml; path = Info.plist; sourceTree = "<group>"; };
		852AD9E320AAAA420054E0B2 /* ZNavigationController.h */ = {isa = PBXFileReference; lastKnownFileType = sourcecode.c.h; path = ZNavigationController.h; sourceTree = "<group>"; };
		852AD9E420AAAA420054E0B2 /* ZNavigationController.m */ = {isa = PBXFileReference; lastKnownFileType = sourcecode.c.objc; path = ZNavigationController.m; sourceTree = "<group>"; };
		852AD9E620AAAAF10054E0B2 /* NavigationDelegate.h */ = {isa = PBXFileReference; lastKnownFileType = sourcecode.c.h; path = NavigationDelegate.h; sourceTree = "<group>"; };
		852AD9E720AAAAF10054E0B2 /* NavigationDelegate.m */ = {isa = PBXFileReference; lastKnownFileType = sourcecode.c.objc; path = NavigationDelegate.m; sourceTree = "<group>"; };
		852AD9E920AAAE020054E0B2 /* OneViewController.h */ = {isa = PBXFileReference; lastKnownFileType = sourcecode.c.h; path = OneViewController.h; sourceTree = "<group>"; };
		852AD9EA20AAAE020054E0B2 /* OneViewController.m */ = {isa = PBXFileReference; lastKnownFileType = sourcecode.c.objc; path = OneViewController.m; sourceTree = "<group>"; };
		852AD9EB20AAAE020054E0B2 /* OneViewController.xib */ = {isa = PBXFileReference; lastKnownFileType = file.xib; path = OneViewController.xib; sourceTree = "<group>"; };
		852AD9EE20AAAE0B0054E0B2 /* TwoViewController.h */ = {isa = PBXFileReference; lastKnownFileType = sourcecode.c.h; path = TwoViewController.h; sourceTree = "<group>"; };
		852AD9EF20AAAE0B0054E0B2 /* TwoViewController.m */ = {isa = PBXFileReference; lastKnownFileType = sourcecode.c.objc; path = TwoViewController.m; sourceTree = "<group>"; };
		852AD9F020AAAE0B0054E0B2 /* TwoViewController.xib */ = {isa = PBXFileReference; lastKnownFileType = file.xib; path = TwoViewController.xib; sourceTree = "<group>"; };
		852AD9F320AAAEFA0054E0B2 /* AnimatedTransitioningPush.h */ = {isa = PBXFileReference; lastKnownFileType = sourcecode.c.h; path = AnimatedTransitioningPush.h; sourceTree = "<group>"; };
		852AD9F420AAAEFA0054E0B2 /* AnimatedTransitioningPush.m */ = {isa = PBXFileReference; lastKnownFileType = sourcecode.c.objc; path = AnimatedTransitioningPush.m; sourceTree = "<group>"; };
		852AD9F620AAAF010054E0B2 /* AnimatedTransitioningPop.h */ = {isa = PBXFileReference; lastKnownFileType = sourcecode.c.h; path = AnimatedTransitioningPop.h; sourceTree = "<group>"; };
		852AD9F720AAAF010054E0B2 /* AnimatedTransitioningPop.m */ = {isa = PBXFileReference; lastKnownFileType = sourcecode.c.objc; path = AnimatedTransitioningPop.m; sourceTree = "<group>"; };
/* End PBXFileReference section */

/* Begin PBXFrameworksBuildPhase section */
		852AD9A620AAA9D30054E0B2 /* Frameworks */ = {
			isa = PBXFrameworksBuildPhase;
			buildActionMask = 2147483647;
			files = (
			);
			runOnlyForDeploymentPostprocessing = 0;
		};
		852AD9BE20AAA9D50054E0B2 /* Frameworks */ = {
			isa = PBXFrameworksBuildPhase;
			buildActionMask = 2147483647;
			files = (
			);
			runOnlyForDeploymentPostprocessing = 0;
		};
		852AD9C920AAA9D50054E0B2 /* Frameworks */ = {
			isa = PBXFrameworksBuildPhase;
			buildActionMask = 2147483647;
			files = (
			);
			runOnlyForDeploymentPostprocessing = 0;
		};
/* End PBXFrameworksBuildPhase section */

/* Begin PBXGroup section */
		852AD9A020AAA9D30054E0B2 = {
			isa = PBXGroup;
			children = (
				852AD9AB20AAA9D30054E0B2 /* NavigationTransitionDemo */,
				852AD9C420AAA9D50054E0B2 /* NavigationTransitionDemoTests */,
				852AD9CF20AAA9D50054E0B2 /* NavigationTransitionDemoUITests */,
				852AD9AA20AAA9D30054E0B2 /* Products */,
			);
			sourceTree = "<group>";
		};
		852AD9AA20AAA9D30054E0B2 /* Products */ = {
			isa = PBXGroup;
			children = (
				852AD9A920AAA9D30054E0B2 /* NavigationTransitionDemo.app */,
				852AD9C120AAA9D50054E0B2 /* NavigationTransitionDemoTests.xctest */,
				852AD9CC20AAA9D50054E0B2 /* NavigationTransitionDemoUITests.xctest */,
			);
			name = Products;
			sourceTree = "<group>";
		};
		852AD9AB20AAA9D30054E0B2 /* NavigationTransitionDemo */ = {
			isa = PBXGroup;
			children = (
				852AD9E920AAAE020054E0B2 /* OneViewController.h */,
				852AD9EA20AAAE020054E0B2 /* OneViewController.m */,
				852AD9EB20AAAE020054E0B2 /* OneViewController.xib */,
				852AD9EE20AAAE0B0054E0B2 /* TwoViewController.h */,
				852AD9EF20AAAE0B0054E0B2 /* TwoViewController.m */,
				852AD9F020AAAE0B0054E0B2 /* TwoViewController.xib */,
				852AD9DF20AAA9EA0054E0B2 /* Other */,
				852AD9DE20AAA9DF0054E0B2 /* Nav */,
				852AD9AC20AAA9D30054E0B2 /* AppDelegate.h */,
				852AD9AD20AAA9D30054E0B2 /* AppDelegate.m */,
				852AD9AF20AAA9D30054E0B2 /* ViewController.h */,
				852AD9B020AAA9D30054E0B2 /* ViewController.m */,
				852AD9B220AAA9D30054E0B2 /* Main.storyboard */,
				852AD9B520AAA9D50054E0B2 /* Assets.xcassets */,
				852AD9B720AAA9D50054E0B2 /* LaunchScreen.storyboard */,
				852AD9BA20AAA9D50054E0B2 /* Info.plist */,
				852AD9BB20AAA9D50054E0B2 /* main.m */,
			);
			path = NavigationTransitionDemo;
			sourceTree = "<group>";
		};
		852AD9C420AAA9D50054E0B2 /* NavigationTransitionDemoTests */ = {
			isa = PBXGroup;
			children = (
				852AD9C520AAA9D50054E0B2 /* NavigationTransitionDemoTests.m */,
				852AD9C720AAA9D50054E0B2 /* Info.plist */,
			);
			path = NavigationTransitionDemoTests;
			sourceTree = "<group>";
		};
		852AD9CF20AAA9D50054E0B2 /* NavigationTransitionDemoUITests */ = {
			isa = PBXGroup;
			children = (
				852AD9D020AAA9D50054E0B2 /* NavigationTransitionDemoUITests.m */,
				852AD9D220AAA9D50054E0B2 /* Info.plist */,
			);
			path = NavigationTransitionDemoUITests;
			sourceTree = "<group>";
		};
		852AD9DE20AAA9DF0054E0B2 /* Nav */ = {
			isa = PBXGroup;
			children = (
				852AD9E320AAAA420054E0B2 /* ZNavigationController.h */,
				852AD9E420AAAA420054E0B2 /* ZNavigationController.m */,
				852AD9E620AAAAF10054E0B2 /* NavigationDelegate.h */,
				852AD9E720AAAAF10054E0B2 /* NavigationDelegate.m */,
				852AD9F320AAAEFA0054E0B2 /* AnimatedTransitioningPush.h */,
				852AD9F420AAAEFA0054E0B2 /* AnimatedTransitioningPush.m */,
				852AD9F620AAAF010054E0B2 /* AnimatedTransitioningPop.h */,
				852AD9F720AAAF010054E0B2 /* AnimatedTransitioningPop.m */,
			);
			path = Nav;
			sourceTree = "<group>";
		};
		852AD9DF20AAA9EA0054E0B2 /* Other */ = {
			isa = PBXGroup;
			children = (
			);
			path = Other;
			sourceTree = "<group>";
		};
/* End PBXGroup section */

/* Begin PBXNativeTarget section */
		852AD9A820AAA9D30054E0B2 /* NavigationTransitionDemo */ = {
			isa = PBXNativeTarget;
			buildConfigurationList = 852AD9D520AAA9D50054E0B2 /* Build configuration list for PBXNativeTarget "NavigationTransitionDemo" */;
			buildPhases = (
				852AD9A520AAA9D30054E0B2 /* Sources */,
				852AD9A620AAA9D30054E0B2 /* Frameworks */,
				852AD9A720AAA9D30054E0B2 /* Resources */,
			);
			buildRules = (
			);
			dependencies = (
			);
			name = NavigationTransitionDemo;
			productName = NavigationTransitionDemo;
			productReference = 852AD9A920AAA9D30054E0B2 /* NavigationTransitionDemo.app */;
			productType = "com.apple.product-type.application";
		};
		852AD9C020AAA9D50054E0B2 /* NavigationTransitionDemoTests */ = {
			isa = PBXNativeTarget;
			buildConfigurationList = 852AD9D820AAA9D50054E0B2 /* Build configuration list for PBXNativeTarget "NavigationTransitionDemoTests" */;
			buildPhases = (
				852AD9BD20AAA9D50054E0B2 /* Sources */,
				852AD9BE20AAA9D50054E0B2 /* Frameworks */,
				852AD9BF20AAA9D50054E0B2 /* Resources */,
			);
			buildRules = (
			);
			dependencies = (
				852AD9C320AAA9D50054E0B2 /* PBXTargetDependency */,
			);
			name = NavigationTransitionDemoTests;
			productName = NavigationTransitionDemoTests;
			productReference = 852AD9C120AAA9D50054E0B2 /* NavigationTransitionDemoTests.xctest */;
			productType = "com.apple.product-type.bundle.unit-test";
		};
		852AD9CB20AAA9D50054E0B2 /* NavigationTransitionDemoUITests */ = {
			isa = PBXNativeTarget;
			buildConfigurationList = 852AD9DB20AAA9D50054E0B2 /* Build configuration list for PBXNativeTarget "NavigationTransitionDemoUITests" */;
			buildPhases = (
				852AD9C820AAA9D50054E0B2 /* Sources */,
				852AD9C920AAA9D50054E0B2 /* Frameworks */,
				852AD9CA20AAA9D50054E0B2 /* Resources */,
			);
			buildRules = (
			);
			dependencies = (
				852AD9CE20AAA9D50054E0B2 /* PBXTargetDependency */,
			);
			name = NavigationTransitionDemoUITests;
			productName = NavigationTransitionDemoUITests;
			productReference = 852AD9CC20AAA9D50054E0B2 /* NavigationTransitionDemoUITests.xctest */;
			productType = "com.apple.product-type.bundle.ui-testing";
		};
/* End PBXNativeTarget section */

/* Begin PBXProject section */
		852AD9A120AAA9D30054E0B2 /* Project object */ = {
			isa = PBXProject;
			attributes = {
				LastUpgradeCheck = 0930;
				ORGANIZATIONNAME = free;
				TargetAttributes = {
					852AD9A820AAA9D30054E0B2 = {
						CreatedOnToolsVersion = 9.3;
					};
					852AD9C020AAA9D50054E0B2 = {
						CreatedOnToolsVersion = 9.3;
						TestTargetID = 852AD9A820AAA9D30054E0B2;
					};
					852AD9CB20AAA9D50054E0B2 = {
						CreatedOnToolsVersion = 9.3;
						TestTargetID = 852AD9A820AAA9D30054E0B2;
					};
				};
			};
			buildConfigurationList = 852AD9A420AAA9D30054E0B2 /* Build configuration list for PBXProject "NavigationTransitionDemo" */;
			compatibilityVersion = "Xcode 9.3";
			developmentRegion = en;
			hasScannedForEncodings = 0;
			knownRegions = (
				en,
				Base,
			);
			mainGroup = 852AD9A020AAA9D30054E0B2;
			productRefGroup = 852AD9AA20AAA9D30054E0B2 /* Products */;
			projectDirPath = "";
			projectRoot = "";
			targets = (
				852AD9A820AAA9D30054E0B2 /* NavigationTransitionDemo */,
				852AD9C020AAA9D50054E0B2 /* NavigationTransitionDemoTests */,
				852AD9CB20AAA9D50054E0B2 /* NavigationTransitionDemoUITests */,
			);
		};
/* End PBXProject section */

/* Begin PBXResourcesBuildPhase section */
		852AD9A720AAA9D30054E0B2 /* Resources */ = {
			isa = PBXResourcesBuildPhase;
			buildActionMask = 2147483647;
			files = (
				852AD9B920AAA9D50054E0B2 /* LaunchScreen.storyboard in Resources */,
				852AD9B620AAA9D50054E0B2 /* Assets.xcassets in Resources */,
				852AD9B420AAA9D30054E0B2 /* Main.storyboard in Resources */,
				852AD9F220AAAE0B0054E0B2 /* TwoViewController.xib in Resources */,
				852AD9ED20AAAE020054E0B2 /* OneViewController.xib in Resources */,
			);
			runOnlyForDeploymentPostprocessing = 0;
		};
		852AD9BF20AAA9D50054E0B2 /* Resources */ = {
			isa = PBXResourcesBuildPhase;
			buildActionMask = 2147483647;
			files = (
			);
			runOnlyForDeploymentPostprocessing = 0;
		};
		852AD9CA20AAA9D50054E0B2 /* Resources */ = {
			isa = PBXResourcesBuildPhase;
			buildActionMask = 2147483647;
			files = (
			);
			runOnlyForDeploymentPostprocessing = 0;
		};
/* End PBXResourcesBuildPhase section */

/* Begin PBXSourcesBuildPhase section */
		852AD9A520AAA9D30054E0B2 /* Sources */ = {
			isa = PBXSourcesBuildPhase;
			buildActionMask = 2147483647;
			files = (
				852AD9F120AAAE0B0054E0B2 /* TwoViewController.m in Sources */,
				852AD9B120AAA9D30054E0B2 /* ViewController.m in Sources */,
				852AD9F520AAAEFA0054E0B2 /* AnimatedTransitioningPush.m in Sources */,
				852AD9E820AAAAF10054E0B2 /* NavigationDelegate.m in Sources */,
				852AD9F820AAAF010054E0B2 /* AnimatedTransitioningPop.m in Sources */,
				852AD9BC20AAA9D50054E0B2 /* main.m in Sources */,
				852AD9EC20AAAE020054E0B2 /* OneViewController.m in Sources */,
				852AD9E520AAAA420054E0B2 /* ZNavigationController.m in Sources */,
				852AD9AE20AAA9D30054E0B2 /* AppDelegate.m in Sources */,
			);
			runOnlyForDeploymentPostprocessing = 0;
		};
		852AD9BD20AAA9D50054E0B2 /* Sources */ = {
			isa = PBXSourcesBuildPhase;
			buildActionMask = 2147483647;
			files = (
				852AD9C620AAA9D50054E0B2 /* NavigationTransitionDemoTests.m in Sources */,
			);
			runOnlyForDeploymentPostprocessing = 0;
		};
		852AD9C820AAA9D50054E0B2 /* Sources */ = {
			isa = PBXSourcesBuildPhase;
			buildActionMask = 2147483647;
			files = (
				852AD9D120AAA9D50054E0B2 /* NavigationTransitionDemoUITests.m in Sources */,
			);
			runOnlyForDeploymentPostprocessing = 0;
		};
/* End PBXSourcesBuildPhase section */

/* Begin PBXTargetDependency section */
		852AD9C320AAA9D50054E0B2 /* PBXTargetDependency */ = {
			isa = PBXTargetDependency;
			target = 852AD9A820AAA9D30054E0B2 /* NavigationTransitionDemo */;
			targetProxy = 852AD9C220AAA9D50054E0B2 /* PBXContainerItemProxy */;
		};
		852AD9CE20AAA9D50054E0B2 /* PBXTargetDependency */ = {
			isa = PBXTargetDependency;
			target = 852AD9A820AAA9D30054E0B2 /* NavigationTransitionDemo */;
			targetProxy = 852AD9CD20AAA9D50054E0B2 /* PBXContainerItemProxy */;
		};
/* End PBXTargetDependency section */

/* Begin PBXVariantGroup section */
		852AD9B220AAA9D30054E0B2 /* Main.storyboard */ = {
			isa = PBXVariantGroup;
			children = (
				852AD9B320AAA9D30054E0B2 /* Base */,
			);
			name = Main.storyboard;
			sourceTree = "<group>";
		};
		852AD9B720AAA9D50054E0B2 /* LaunchScreen.storyboard */ = {
			isa = PBXVariantGroup;
			children = (
				852AD9B820AAA9D50054E0B2 /* Base */,
			);
			name = LaunchScreen.storyboard;
			sourceTree = "<group>";
		};
/* End PBXVariantGroup section */

/* Begin XCBuildConfiguration section */
		852AD9D320AAA9D50054E0B2 /* Debug */ = {
			isa = XCBuildConfiguration;
			buildSettings = {
				ALWAYS_SEARCH_USER_PATHS = NO;
				CLANG_ANALYZER_NONNULL = YES;
				CLANG_ANALYZER_NUMBER_OBJECT_CONVERSION = YES_AGGRESSIVE;
				CLANG_CXX_LANGUAGE_STANDARD = "gnu++14";
				CLANG_CXX_LIBRARY = "libc++";
				CLANG_ENABLE_MODULES = YES;
				CLANG_ENABLE_OBJC_ARC = YES;
				CLANG_ENABLE_OBJC_WEAK = YES;
				CLANG_WARN_BLOCK_CAPTURE_AUTORELEASING = YES;
				CLANG_WARN_BOOL_CONVERSION = YES;
				CLANG_WARN_COMMA = YES;
				CLANG_WARN_CONSTANT_CONVERSION = YES;
				CLANG_WARN_DEPRECATED_OBJC_IMPLEMENTATIONS = YES;
				CLANG_WARN_DIRECT_OBJC_ISA_USAGE = YES_ERROR;
				CLANG_WARN_DOCUMENTATION_COMMENTS = YES;
				CLANG_WARN_EMPTY_BODY = YES;
				CLANG_WARN_ENUM_CONVERSION = YES;
				CLANG_WARN_INFINITE_RECURSION = YES;
				CLANG_WARN_INT_CONVERSION = YES;
				CLANG_WARN_NON_LITERAL_NULL_CONVERSION = YES;
				CLANG_WARN_OBJC_IMPLICIT_RETAIN_SELF = YES;
				CLANG_WARN_OBJC_LITERAL_CONVERSION = YES;
				CLANG_WARN_OBJC_ROOT_CLASS = YES_ERROR;
				CLANG_WARN_RANGE_LOOP_ANALYSIS = YES;
				CLANG_WARN_STRICT_PROTOTYPES = YES;
				CLANG_WARN_SUSPICIOUS_MOVE = YES;
				CLANG_WARN_UNGUARDED_AVAILABILITY = YES_AGGRESSIVE;
				CLANG_WARN_UNREACHABLE_CODE = YES;
				CLANG_WARN__DUPLICATE_METHOD_MATCH = YES;
				CODE_SIGN_IDENTITY = "iPhone Developer";
				COPY_PHASE_STRIP = NO;
				DEBUG_INFORMATION_FORMAT = dwarf;
				ENABLE_STRICT_OBJC_MSGSEND = YES;
				ENABLE_TESTABILITY = YES;
				GCC_C_LANGUAGE_STANDARD = gnu11;
				GCC_DYNAMIC_NO_PIC = NO;
				GCC_NO_COMMON_BLOCKS = YES;
				GCC_OPTIMIZATION_LEVEL = 0;
				GCC_PREPROCESSOR_DEFINITIONS = (
					"DEBUG=1",
					"$(inherited)",
				);
				GCC_WARN_64_TO_32_BIT_CONVERSION = YES;
				GCC_WARN_ABOUT_RETURN_TYPE = YES_ERROR;
				GCC_WARN_UNDECLARED_SELECTOR = YES;
				GCC_WARN_UNINITIALIZED_AUTOS = YES_AGGRESSIVE;
				GCC_WARN_UNUSED_FUNCTION = YES;
				GCC_WARN_UNUSED_VARIABLE = YES;
				IPHONEOS_DEPLOYMENT_TARGET = 11.3;
				MTL_ENABLE_DEBUG_INFO = YES;
				ONLY_ACTIVE_ARCH = YES;
				SDKROOT = iphoneos;
			};
			name = Debug;
		};
		852AD9D420AAA9D50054E0B2 /* Release */ = {
			isa = XCBuildConfiguration;
			buildSettings = {
				ALWAYS_SEARCH_USER_PATHS = NO;
				CLANG_ANALYZER_NONNULL = YES;
				CLANG_ANALYZER_NUMBER_OBJECT_CONVERSION = YES_AGGRESSIVE;
				CLANG_CXX_LANGUAGE_STANDARD = "gnu++14";
				CLANG_CXX_LIBRARY = "libc++";
				CLANG_ENABLE_MODULES = YES;
				CLANG_ENABLE_OBJC_ARC = YES;
				CLANG_ENABLE_OBJC_WEAK = YES;
				CLANG_WARN_BLOCK_CAPTURE_AUTORELEASING = YES;
				CLANG_WARN_BOOL_CONVERSION = YES;
				CLANG_WARN_COMMA = YES;
				CLANG_WARN_CONSTANT_CONVERSION = YES;
				CLANG_WARN_DEPRECATED_OBJC_IMPLEMENTATIONS = YES;
				CLANG_WARN_DIRECT_OBJC_ISA_USAGE = YES_ERROR;
				CLANG_WARN_DOCUMENTATION_COMMENTS = YES;
				CLANG_WARN_EMPTY_BODY = YES;
				CLANG_WARN_ENUM_CONVERSION = YES;
				CLANG_WARN_INFINITE_RECURSION = YES;
				CLANG_WARN_INT_CONVERSION = YES;
				CLANG_WARN_NON_LITERAL_NULL_CONVERSION = YES;
				CLANG_WARN_OBJC_IMPLICIT_RETAIN_SELF = YES;
				CLANG_WARN_OBJC_LITERAL_CONVERSION = YES;
				CLANG_WARN_OBJC_ROOT_CLASS = YES_ERROR;
				CLANG_WARN_RANGE_LOOP_ANALYSIS = YES;
				CLANG_WARN_STRICT_PROTOTYPES = YES;
				CLANG_WARN_SUSPICIOUS_MOVE = YES;
				CLANG_WARN_UNGUARDED_AVAILABILITY = YES_AGGRESSIVE;
				CLANG_WARN_UNREACHABLE_CODE = YES;
				CLANG_WARN__DUPLICATE_METHOD_MATCH = YES;
				CODE_SIGN_IDENTITY = "iPhone Developer";
				COPY_PHASE_STRIP = NO;
				DEBUG_INFORMATION_FORMAT = "dwarf-with-dsym";
				ENABLE_NS_ASSERTIONS = NO;
				ENABLE_STRICT_OBJC_MSGSEND = YES;
				GCC_C_LANGUAGE_STANDARD = gnu11;
				GCC_NO_COMMON_BLOCKS = YES;
				GCC_WARN_64_TO_32_BIT_CONVERSION = YES;
				GCC_WARN_ABOUT_RETURN_TYPE = YES_ERROR;
				GCC_WARN_UNDECLARED_SELECTOR = YES;
				GCC_WARN_UNINITIALIZED_AUTOS = YES_AGGRESSIVE;
				GCC_WARN_UNUSED_FUNCTION = YES;
				GCC_WARN_UNUSED_VARIABLE = YES;
				IPHONEOS_DEPLOYMENT_TARGET = 11.3;
				MTL_ENABLE_DEBUG_INFO = NO;
				SDKROOT = iphoneos;
				VALIDATE_PRODUCT = YES;
			};
			name = Release;
		};
		852AD9D620AAA9D50054E0B2 /* Debug */ = {
			isa = XCBuildConfiguration;
			buildSettings = {
				ASSETCATALOG_COMPILER_APPICON_NAME = AppIcon;
				CODE_SIGN_STYLE = Automatic;
				DEVELOPMENT_TEAM = PG49572PG7;
				INFOPLIST_FILE = NavigationTransitionDemo/Info.plist;
				IPHONEOS_DEPLOYMENT_TARGET = 9.0;
				LD_RUNPATH_SEARCH_PATHS = (
					"$(inherited)",
					"@executable_path/Frameworks",
				);
				PRODUCT_BUNDLE_IDENTIFIER = com.dog.NavigationTransitionDemo;
				PRODUCT_NAME = "$(TARGET_NAME)";
				TARGETED_DEVICE_FAMILY = "1,2";
			};
			name = Debug;
		};
		852AD9D720AAA9D50054E0B2 /* Release */ = {
			isa = XCBuildConfiguration;
			buildSettings = {
				ASSETCATALOG_COMPILER_APPICON_NAME = AppIcon;
				CODE_SIGN_STYLE = Automatic;
				DEVELOPMENT_TEAM = PG49572PG7;
				INFOPLIST_FILE = NavigationTransitionDemo/Info.plist;
				IPHONEOS_DEPLOYMENT_TARGET = 9.0;
				LD_RUNPATH_SEARCH_PATHS = (
					"$(inherited)",
					"@executable_path/Frameworks",
				);
				PRODUCT_BUNDLE_IDENTIFIER = com.dog.NavigationTransitionDemo;
				PRODUCT_NAME = "$(TARGET_NAME)";
				TARGETED_DEVICE_FAMILY = "1,2";
			};
			name = Release;
		};
		852AD9D920AAA9D50054E0B2 /* Debug */ = {
			isa = XCBuildConfiguration;
			buildSettings = {
				BUNDLE_LOADER = "$(TEST_HOST)";
				CODE_SIGN_STYLE = Automatic;
				DEVELOPMENT_TEAM = PG49572PG7;
				INFOPLIST_FILE = NavigationTransitionDemoTests/Info.plist;
				LD_RUNPATH_SEARCH_PATHS = (
					"$(inherited)",
					"@executable_path/Frameworks",
					"@loader_path/Frameworks",
				);
				PRODUCT_BUNDLE_IDENTIFIER = com.dog.NavigationTransitionDemoTests;
				PRODUCT_NAME = "$(TARGET_NAME)";
				TARGETED_DEVICE_FAMILY = "1,2";
				TEST_HOST = "$(BUILT_PRODUCTS_DIR)/NavigationTransitionDemo.app/NavigationTransitionDemo";
			};
			name = Debug;
		};
		852AD9DA20AAA9D50054E0B2 /* Release */ = {
			isa = XCBuildConfiguration;
			buildSettings = {
				BUNDLE_LOADER = "$(TEST_HOST)";
				CODE_SIGN_STYLE = Automatic;
				DEVELOPMENT_TEAM = PG49572PG7;
				INFOPLIST_FILE = NavigationTransitionDemoTests/Info.plist;
				LD_RUNPATH_SEARCH_PATHS = (
					"$(inherited)",
					"@executable_path/Frameworks",
					"@loader_path/Frameworks",
				);
				PRODUCT_BUNDLE_IDENTIFIER = com.dog.NavigationTransitionDemoTests;
				PRODUCT_NAME = "$(TARGET_NAME)";
				TARGETED_DEVICE_FAMILY = "1,2";
				TEST_HOST = "$(BUILT_PRODUCTS_DIR)/NavigationTransitionDemo.app/NavigationTransitionDemo";
			};
			name = Release;
		};
		852AD9DC20AAA9D50054E0B2 /* Debug */ = {
			isa = XCBuildConfiguration;
			buildSettings = {
				CODE_SIGN_STYLE = Automatic;
				DEVELOPMENT_TEAM = PG49572PG7;
				INFOPLIST_FILE = NavigationTransitionDemoUITests/Info.plist;
				LD_RUNPATH_SEARCH_PATHS = (
					"$(inherited)",
					"@executable_path/Frameworks",
					"@loader_path/Frameworks",
				);
				PRODUCT_BUNDLE_IDENTIFIER = com.dog.NavigationTransitionDemoUITests;
				PRODUCT_NAME = "$(TARGET_NAME)";
				TARGETED_DEVICE_FAMILY = "1,2";
				TEST_TARGET_NAME = NavigationTransitionDemo;
			};
			name = Debug;
		};
		852AD9DD20AAA9D50054E0B2 /* Release */ = {
			isa = XCBuildConfiguration;
			buildSettings = {
				CODE_SIGN_STYLE = Automatic;
				DEVELOPMENT_TEAM = PG49572PG7;
				INFOPLIST_FILE = NavigationTransitionDemoUITests/Info.plist;
				LD_RUNPATH_SEARCH_PATHS = (
					"$(inherited)",
					"@executable_path/Frameworks",
					"@loader_path/Frameworks",
				);
				PRODUCT_BUNDLE_IDENTIFIER = com.dog.NavigationTransitionDemoUITests;
				PRODUCT_NAME = "$(TARGET_NAME)";
				TARGETED_DEVICE_FAMILY = "1,2";
				TEST_TARGET_NAME = NavigationTransitionDemo;
			};
			name = Release;
		};
/* End XCBuildConfiguration section */

/* Begin XCConfigurationList section */
		852AD9A420AAA9D30054E0B2 /* Build configuration list for PBXProject "NavigationTransitionDemo" */ = {
			isa = XCConfigurationList;
			buildConfigurations = (
				852AD9D320AAA9D50054E0B2 /* Debug */,
				852AD9D420AAA9D50054E0B2 /* Release */,
			);
			defaultConfigurationIsVisible = 0;
			defaultConfigurationName = Release;
		};
		852AD9D520AAA9D50054E0B2 /* Build configuration list for PBXNativeTarget "NavigationTransitionDemo" */ = {
			isa = XCConfigurationList;
			buildConfigurations = (
				852AD9D620AAA9D50054E0B2 /* Debug */,
				852AD9D720AAA9D50054E0B2 /* Release */,
			);
			defaultConfigurationIsVisible = 0;
			defaultConfigurationName = Release;
		};
		852AD9D820AAA9D50054E0B2 /* Build configuration list for PBXNativeTarget "NavigationTransitionDemoTests" */ = {
			isa = XCConfigurationList;
			buildConfigurations = (
				852AD9D920AAA9D50054E0B2 /* Debug */,
				852AD9DA20AAA9D50054E0B2 /* Release */,
			);
			defaultConfigurationIsVisible = 0;
			defaultConfigurationName = Release;
		};
		852AD9DB20AAA9D50054E0B2 /* Build configuration list for PBXNativeTarget "NavigationTransitionDemoUITests" */ = {
			isa = XCConfigurationList;
			buildConfigurations = (
				852AD9DC20AAA9D50054E0B2 /* Debug */,
				852AD9DD20AAA9D50054E0B2 /* Release */,
			);
			defaultConfigurationIsVisible = 0;
			defaultConfigurationName = Release;
		};
/* End XCConfigurationList section */
	};
	rootObject = 852AD9A120AAA9D30054E0B2 /* Project object */;
}
